
Microsoft Visual Studio Solution File, Format Version 12.00
# Visual Studio Version 17
VisualStudioVersion = 17.2.32616.157
MinimumVisualStudioVersion = 10.0.40219.1
Project("{FAE04EC0-301F-11D3-BF4B-00C04F79EFBC}") = "DGenerateGUI", "DGenerateGUI\DGenerateGUI.csproj", "{4F1E3CFF-39CD-4BF7-BA7E-771F2A8DE993}"
EndProject
Global
	GlobalSection(SolutionConfigurationPlatforms) = preSolution
		Debug|Any CPU = Debug|Any CPU
		Release|Any CPU = Release|Any CPU
	EndGlobalSection
	GlobalSection(ProjectConfigurationPlatforms) = postSolution
		{4F1E3CFF-39CD-4BF7-BA7E-771F2A8DE993}.Debug|Any CPU.ActiveCfg = Debug|Any CPU
		{4F1E3CFF-39CD-4BF7-BA7E-771F2A8DE993}.Debug|Any CPU.Build.0 = Debug|Any CPU
		{4F1E3CFF-39CD-4BF7-BA7E-771F2A8DE993}.Release|Any CPU.ActiveCfg = Release|Any CPU
		{4F1E3CFF-39CD-4BF7-BA7E-771F2A8DE993}.Release|Any CPU.Build.0 = Release|Any CPU
	EndGlobalSection
	GlobalSection(SolutionProperties) = preSolution
		HideSolutionNode = FALSE
	EndGlobalSection
	GlobalSection(ExtensibilityGlobals) = postSolution
		SolutionGuid = {782FC668-CC44-4D59-89BA-1ACF1D894A36}
	EndGlobalSection
EndGlobal
